// !$*UTF8*$!
{
	archiveVersion = 1;
	classes = {
	};
	objectVersion = 46;
	objects = {

/* Begin PBXBuildFile section */
		3A8BAAD419835A6B00D5A6C3 /* MapKit.framework in Frameworks */ = {isa = PBXBuildFile; fileRef = 3A8BAAD319835A6B00D5A6C3 /* MapKit.framework */; };
		3A8BAAD619835A7400D5A6C3 /* CoreLocation.framework in Frameworks */ = {isa = PBXBuildFile; fileRef = 3A8BAAD519835A7400D5A6C3 /* CoreLocation.framework */; };
		3A8BAAFD19835C5600D5A6C3 /* AFHTTPRequestOperation.m in Sources */ = {isa = PBXBuildFile; fileRef = 3A8BAAD919835C5600D5A6C3 /* AFHTTPRequestOperation.m */; };
		3A8BAAFE19835C5600D5A6C3 /* AFHTTPRequestOperationManager.m in Sources */ = {isa = PBXBuildFile; fileRef = 3A8BAADB19835C5600D5A6C3 /* AFHTTPRequestOperationManager.m */; };
		3A8BAAFF19835C5600D5A6C3 /* AFHTTPSessionManager.m in Sources */ = {isa = PBXBuildFile; fileRef = 3A8BAADD19835C5600D5A6C3 /* AFHTTPSessionManager.m */; };
		3A8BAB0019835C5600D5A6C3 /* AFNetworkReachabilityManager.m in Sources */ = {isa = PBXBuildFile; fileRef = 3A8BAAE019835C5600D5A6C3 /* AFNetworkReachabilityManager.m */; };
		3A8BAB0119835C5600D5A6C3 /* AFSecurityPolicy.m in Sources */ = {isa = PBXBuildFile; fileRef = 3A8BAAE219835C5600D5A6C3 /* AFSecurityPolicy.m */; };
		3A8BAB0219835C5600D5A6C3 /* AFURLConnectionOperation.m in Sources */ = {isa = PBXBuildFile; fileRef = 3A8BAAE419835C5600D5A6C3 /* AFURLConnectionOperation.m */; };
		3A8BAB0319835C5600D5A6C3 /* AFURLRequestSerialization.m in Sources */ = {isa = PBXBuildFile; fileRef = 3A8BAAE619835C5600D5A6C3 /* AFURLRequestSerialization.m */; };
		3A8BAB0419835C5600D5A6C3 /* AFURLResponseSerialization.m in Sources */ = {isa = PBXBuildFile; fileRef = 3A8BAAE819835C5600D5A6C3 /* AFURLResponseSerialization.m */; };
		3A8BAB0519835C5600D5A6C3 /* AFURLSessionManager.m in Sources */ = {isa = PBXBuildFile; fileRef = 3A8BAAEA19835C5600D5A6C3 /* AFURLSessionManager.m */; };
		3A8BAB0619835C5600D5A6C3 /* AFNetworkActivityIndicatorManager.m in Sources */ = {isa = PBXBuildFile; fileRef = 3A8BAAED19835C5600D5A6C3 /* AFNetworkActivityIndicatorManager.m */; };
		3A8BAB0719835C5600D5A6C3 /* UIActivityIndicatorView+AFNetworking.m in Sources */ = {isa = PBXBuildFile; fileRef = 3A8BAAEF19835C5600D5A6C3 /* UIActivityIndicatorView+AFNetworking.m */; };
		3A8BAB0819835C5600D5A6C3 /* UIAlertView+AFNetworking.m in Sources */ = {isa = PBXBuildFile; fileRef = 3A8BAAF119835C5600D5A6C3 /* UIAlertView+AFNetworking.m */; };
		3A8BAB0919835C5600D5A6C3 /* UIButton+AFNetworking.m in Sources */ = {isa = PBXBuildFile; fileRef = 3A8BAAF319835C5600D5A6C3 /* UIButton+AFNetworking.m */; };
		3A8BAB0A19835C5600D5A6C3 /* UIImageView+AFNetworking.m in Sources */ = {isa = PBXBuildFile; fileRef = 3A8BAAF519835C5600D5A6C3 /* UIImageView+AFNetworking.m */; };
		3A8BAB0B19835C5600D5A6C3 /* UIProgressView+AFNetworking.m in Sources */ = {isa = PBXBuildFile; fileRef = 3A8BAAF819835C5600D5A6C3 /* UIProgressView+AFNetworking.m */; };
		3A8BAB0C19835C5600D5A6C3 /* UIRefreshControl+AFNetworking.m in Sources */ = {isa = PBXBuildFile; fileRef = 3A8BAAFA19835C5600D5A6C3 /* UIRefreshControl+AFNetworking.m */; };
		3A8BAB0D19835C5600D5A6C3 /* UIWebView+AFNetworking.m in Sources */ = {isa = PBXBuildFile; fileRef = 3A8BAAFC19835C5600D5A6C3 /* UIWebView+AFNetworking.m */; };
		3A8BAB1319835E7200D5A6C3 /* NetworkManager.m in Sources */ = {isa = PBXBuildFile; fileRef = 3A8BAB1219835E7200D5A6C3 /* NetworkManager.m */; };
		611765F11983652B00966423 /* BHPostFormViewController.h in Sources */ = {isa = PBXBuildFile; fileRef = 61A831B819835A12008B0857 /* BHPostFormViewController.h */; };
		611765F21983652C00966423 /* BHPostFormViewController.m in Sources */ = {isa = PBXBuildFile; fileRef = 61A831B919835A12008B0857 /* BHPostFormViewController.m */; };
		61A8318119835484008B0857 /* Foundation.framework in Frameworks */ = {isa = PBXBuildFile; fileRef = 61A8318019835484008B0857 /* Foundation.framework */; };
		61A8318319835484008B0857 /* CoreGraphics.framework in Frameworks */ = {isa = PBXBuildFile; fileRef = 61A8318219835484008B0857 /* CoreGraphics.framework */; };
		61A8318519835484008B0857 /* UIKit.framework in Frameworks */ = {isa = PBXBuildFile; fileRef = 61A8318419835484008B0857 /* UIKit.framework */; };
		61A8318B19835484008B0857 /* InfoPlist.strings in Resources */ = {isa = PBXBuildFile; fileRef = 61A8318919835484008B0857 /* InfoPlist.strings */; };
		61A8318D19835484008B0857 /* main.m in Sources */ = {isa = PBXBuildFile; fileRef = 61A8318C19835484008B0857 /* main.m */; };
		61A8319119835484008B0857 /* BHAppDelegate.m in Sources */ = {isa = PBXBuildFile; fileRef = 61A8319019835484008B0857 /* BHAppDelegate.m */; };
		61A8319419835484008B0857 /* Main.storyboard in Resources */ = {isa = PBXBuildFile; fileRef = 61A8319219835484008B0857 /* Main.storyboard */; };
		61A8319719835484008B0857 /* BHFirstViewController.m in Sources */ = {isa = PBXBuildFile; fileRef = 61A8319619835484008B0857 /* BHFirstViewController.m */; };
		61A8319A19835484008B0857 /* BHSecondViewController.m in Sources */ = {isa = PBXBuildFile; fileRef = 61A8319919835484008B0857 /* BHSecondViewController.m */; };
		61A8319C19835484008B0857 /* Images.xcassets in Resources */ = {isa = PBXBuildFile; fileRef = 61A8319B19835484008B0857 /* Images.xcassets */; };
		61A831A319835484008B0857 /* XCTest.framework in Frameworks */ = {isa = PBXBuildFile; fileRef = 61A831A219835484008B0857 /* XCTest.framework */; };
		61A831A419835484008B0857 /* Foundation.framework in Frameworks */ = {isa = PBXBuildFile; fileRef = 61A8318019835484008B0857 /* Foundation.framework */; };
		61A831A519835484008B0857 /* UIKit.framework in Frameworks */ = {isa = PBXBuildFile; fileRef = 61A8318419835484008B0857 /* UIKit.framework */; };
		61A831AD19835484008B0857 /* InfoPlist.strings in Resources */ = {isa = PBXBuildFile; fileRef = 61A831AB19835484008B0857 /* InfoPlist.strings */; };
		61A831AF19835484008B0857 /* battlehack1Tests.m in Sources */ = {isa = PBXBuildFile; fileRef = 61A831AE19835484008B0857 /* battlehack1Tests.m */; };
/* End PBXBuildFile section */

/* Begin PBXContainerItemProxy section */
		61A831A619835484008B0857 /* PBXContainerItemProxy */ = {
			isa = PBXContainerItemProxy;
			containerPortal = 61A8317519835484008B0857 /* Project object */;
			proxyType = 1;
			remoteGlobalIDString = 61A8317C19835484008B0857;
			remoteInfo = battlehack1;
		};
/* End PBXContainerItemProxy section */

/* Begin PBXFileReference section */
		3A8BAAD319835A6B00D5A6C3 /* MapKit.framework */ = {isa = PBXFileReference; lastKnownFileType = wrapper.framework; name = MapKit.framework; path = System/Library/Frameworks/MapKit.framework; sourceTree = SDKROOT; };
		3A8BAAD519835A7400D5A6C3 /* CoreLocation.framework */ = {isa = PBXFileReference; lastKnownFileType = wrapper.framework; name = CoreLocation.framework; path = System/Library/Frameworks/CoreLocation.framework; sourceTree = SDKROOT; };
		3A8BAAD819835C5600D5A6C3 /* AFHTTPRequestOperation.h */ = {isa = PBXFileReference; fileEncoding = 4; lastKnownFileType = sourcecode.c.h; path = AFHTTPRequestOperation.h; sourceTree = "<group>"; };
		3A8BAAD919835C5600D5A6C3 /* AFHTTPRequestOperation.m */ = {isa = PBXFileReference; fileEncoding = 4; lastKnownFileType = sourcecode.c.objc; path = AFHTTPRequestOperation.m; sourceTree = "<group>"; };
		3A8BAADA19835C5600D5A6C3 /* AFHTTPRequestOperationManager.h */ = {isa = PBXFileReference; fileEncoding = 4; lastKnownFileType = sourcecode.c.h; path = AFHTTPRequestOperationManager.h; sourceTree = "<group>"; };
		3A8BAADB19835C5600D5A6C3 /* AFHTTPRequestOperationManager.m */ = {isa = PBXFileReference; fileEncoding = 4; lastKnownFileType = sourcecode.c.objc; path = AFHTTPRequestOperationManager.m; sourceTree = "<group>"; };
		3A8BAADC19835C5600D5A6C3 /* AFHTTPSessionManager.h */ = {isa = PBXFileReference; fileEncoding = 4; lastKnownFileType = sourcecode.c.h; path = AFHTTPSessionManager.h; sourceTree = "<group>"; };
		3A8BAADD19835C5600D5A6C3 /* AFHTTPSessionManager.m */ = {isa = PBXFileReference; fileEncoding = 4; lastKnownFileType = sourcecode.c.objc; path = AFHTTPSessionManager.m; sourceTree = "<group>"; };
		3A8BAADE19835C5600D5A6C3 /* AFNetworking.h */ = {isa = PBXFileReference; fileEncoding = 4; lastKnownFileType = sourcecode.c.h; path = AFNetworking.h; sourceTree = "<group>"; };
		3A8BAADF19835C5600D5A6C3 /* AFNetworkReachabilityManager.h */ = {isa = PBXFileReference; fileEncoding = 4; lastKnownFileType = sourcecode.c.h; path = AFNetworkReachabilityManager.h; sourceTree = "<group>"; };
		3A8BAAE019835C5600D5A6C3 /* AFNetworkReachabilityManager.m */ = {isa = PBXFileReference; fileEncoding = 4; lastKnownFileType = sourcecode.c.objc; path = AFNetworkReachabilityManager.m; sourceTree = "<group>"; };
		3A8BAAE119835C5600D5A6C3 /* AFSecurityPolicy.h */ = {isa = PBXFileReference; fileEncoding = 4; lastKnownFileType = sourcecode.c.h; path = AFSecurityPolicy.h; sourceTree = "<group>"; };
		3A8BAAE219835C5600D5A6C3 /* AFSecurityPolicy.m */ = {isa = PBXFileReference; fileEncoding = 4; lastKnownFileType = sourcecode.c.objc; path = AFSecurityPolicy.m; sourceTree = "<group>"; };
		3A8BAAE319835C5600D5A6C3 /* AFURLConnectionOperation.h */ = {isa = PBXFileReference; fileEncoding = 4; lastKnownFileType = sourcecode.c.h; path = AFURLConnectionOperation.h; sourceTree = "<group>"; };
		3A8BAAE419835C5600D5A6C3 /* AFURLConnectionOperation.m */ = {isa = PBXFileReference; fileEncoding = 4; lastKnownFileType = sourcecode.c.objc; path = AFURLConnectionOperation.m; sourceTree = "<group>"; };
		3A8BAAE519835C5600D5A6C3 /* AFURLRequestSerialization.h */ = {isa = PBXFileReference; fileEncoding = 4; lastKnownFileType = sourcecode.c.h; path = AFURLRequestSerialization.h; sourceTree = "<group>"; };
		3A8BAAE619835C5600D5A6C3 /* AFURLRequestSerialization.m */ = {isa = PBXFileReference; fileEncoding = 4; lastKnownFileType = sourcecode.c.objc; path = AFURLRequestSerialization.m; sourceTree = "<group>"; };
		3A8BAAE719835C5600D5A6C3 /* AFURLResponseSerialization.h */ = {isa = PBXFileReference; fileEncoding = 4; lastKnownFileType = sourcecode.c.h; path = AFURLResponseSerialization.h; sourceTree = "<group>"; };
		3A8BAAE819835C5600D5A6C3 /* AFURLResponseSerialization.m */ = {isa = PBXFileReference; fileEncoding = 4; lastKnownFileType = sourcecode.c.objc; path = AFURLResponseSerialization.m; sourceTree = "<group>"; };
		3A8BAAE919835C5600D5A6C3 /* AFURLSessionManager.h */ = {isa = PBXFileReference; fileEncoding = 4; lastKnownFileType = sourcecode.c.h; path = AFURLSessionManager.h; sourceTree = "<group>"; };
		3A8BAAEA19835C5600D5A6C3 /* AFURLSessionManager.m */ = {isa = PBXFileReference; fileEncoding = 4; lastKnownFileType = sourcecode.c.objc; path = AFURLSessionManager.m; sourceTree = "<group>"; };
		3A8BAAEC19835C5600D5A6C3 /* AFNetworkActivityIndicatorManager.h */ = {isa = PBXFileReference; fileEncoding = 4; lastKnownFileType = sourcecode.c.h; path = AFNetworkActivityIndicatorManager.h; sourceTree = "<group>"; };
		3A8BAAED19835C5600D5A6C3 /* AFNetworkActivityIndicatorManager.m */ = {isa = PBXFileReference; fileEncoding = 4; lastKnownFileType = sourcecode.c.objc; path = AFNetworkActivityIndicatorManager.m; sourceTree = "<group>"; };
		3A8BAAEE19835C5600D5A6C3 /* UIActivityIndicatorView+AFNetworking.h */ = {isa = PBXFileReference; fileEncoding = 4; lastKnownFileType = sourcecode.c.h; path = "UIActivityIndicatorView+AFNetworking.h"; sourceTree = "<group>"; };
		3A8BAAEF19835C5600D5A6C3 /* UIActivityIndicatorView+AFNetworking.m */ = {isa = PBXFileReference; fileEncoding = 4; lastKnownFileType = sourcecode.c.objc; path = "UIActivityIndicatorView+AFNetworking.m"; sourceTree = "<group>"; };
		3A8BAAF019835C5600D5A6C3 /* UIAlertView+AFNetworking.h */ = {isa = PBXFileReference; fileEncoding = 4; lastKnownFileType = sourcecode.c.h; path = "UIAlertView+AFNetworking.h"; sourceTree = "<group>"; };
		3A8BAAF119835C5600D5A6C3 /* UIAlertView+AFNetworking.m */ = {isa = PBXFileReference; fileEncoding = 4; lastKnownFileType = sourcecode.c.objc; path = "UIAlertView+AFNetworking.m"; sourceTree = "<group>"; };
		3A8BAAF219835C5600D5A6C3 /* UIButton+AFNetworking.h */ = {isa = PBXFileReference; fileEncoding = 4; lastKnownFileType = sourcecode.c.h; path = "UIButton+AFNetworking.h"; sourceTree = "<group>"; };
		3A8BAAF319835C5600D5A6C3 /* UIButton+AFNetworking.m */ = {isa = PBXFileReference; fileEncoding = 4; lastKnownFileType = sourcecode.c.objc; path = "UIButton+AFNetworking.m"; sourceTree = "<group>"; };
		3A8BAAF419835C5600D5A6C3 /* UIImageView+AFNetworking.h */ = {isa = PBXFileReference; fileEncoding = 4; lastKnownFileType = sourcecode.c.h; path = "UIImageView+AFNetworking.h"; sourceTree = "<group>"; };
		3A8BAAF519835C5600D5A6C3 /* UIImageView+AFNetworking.m */ = {isa = PBXFileReference; fileEncoding = 4; lastKnownFileType = sourcecode.c.objc; path = "UIImageView+AFNetworking.m"; sourceTree = "<group>"; };
		3A8BAAF619835C5600D5A6C3 /* UIKit+AFNetworking.h */ = {isa = PBXFileReference; fileEncoding = 4; lastKnownFileType = sourcecode.c.h; path = "UIKit+AFNetworking.h"; sourceTree = "<group>"; };
		3A8BAAF719835C5600D5A6C3 /* UIProgressView+AFNetworking.h */ = {isa = PBXFileReference; fileEncoding = 4; lastKnownFileType = sourcecode.c.h; path = "UIProgressView+AFNetworking.h"; sourceTree = "<group>"; };
		3A8BAAF819835C5600D5A6C3 /* UIProgressView+AFNetworking.m */ = {isa = PBXFileReference; fileEncoding = 4; lastKnownFileType = sourcecode.c.objc; path = "UIProgressView+AFNetworking.m"; sourceTree = "<group>"; };
		3A8BAAF919835C5600D5A6C3 /* UIRefreshControl+AFNetworking.h */ = {isa = PBXFileReference; fileEncoding = 4; lastKnownFileType = sourcecode.c.h; path = "UIRefreshControl+AFNetworking.h"; sourceTree = "<group>"; };
		3A8BAAFA19835C5600D5A6C3 /* UIRefreshControl+AFNetworking.m */ = {isa = PBXFileReference; fileEncoding = 4; lastKnownFileType = sourcecode.c.objc; path = "UIRefreshControl+AFNetworking.m"; sourceTree = "<group>"; };
		3A8BAAFB19835C5600D5A6C3 /* UIWebView+AFNetworking.h */ = {isa = PBXFileReference; fileEncoding = 4; lastKnownFileType = sourcecode.c.h; path = "UIWebView+AFNetworking.h"; sourceTree = "<group>"; };
		3A8BAAFC19835C5600D5A6C3 /* UIWebView+AFNetworking.m */ = {isa = PBXFileReference; fileEncoding = 4; lastKnownFileType = sourcecode.c.objc; path = "UIWebView+AFNetworking.m"; sourceTree = "<group>"; };
		3A8BAB1119835E7200D5A6C3 /* NetworkManager.h */ = {isa = PBXFileReference; fileEncoding = 4; lastKnownFileType = sourcecode.c.h; path = NetworkManager.h; sourceTree = "<group>"; };
		3A8BAB1219835E7200D5A6C3 /* NetworkManager.m */ = {isa = PBXFileReference; fileEncoding = 4; lastKnownFileType = sourcecode.c.objc; path = NetworkManager.m; sourceTree = "<group>"; };
		61A8317D19835484008B0857 /* battlehack1.app */ = {isa = PBXFileReference; explicitFileType = wrapper.application; includeInIndex = 0; path = battlehack1.app; sourceTree = BUILT_PRODUCTS_DIR; };
		61A8318019835484008B0857 /* Foundation.framework */ = {isa = PBXFileReference; lastKnownFileType = wrapper.framework; name = Foundation.framework; path = System/Library/Frameworks/Foundation.framework; sourceTree = SDKROOT; };
		61A8318219835484008B0857 /* CoreGraphics.framework */ = {isa = PBXFileReference; lastKnownFileType = wrapper.framework; name = CoreGraphics.framework; path = System/Library/Frameworks/CoreGraphics.framework; sourceTree = SDKROOT; };
		61A8318419835484008B0857 /* UIKit.framework */ = {isa = PBXFileReference; lastKnownFileType = wrapper.framework; name = UIKit.framework; path = System/Library/Frameworks/UIKit.framework; sourceTree = SDKROOT; };
		61A8318819835484008B0857 /* battlehack1-Info.plist */ = {isa = PBXFileReference; lastKnownFileType = text.plist.xml; path = "battlehack1-Info.plist"; sourceTree = "<group>"; };
		61A8318A19835484008B0857 /* en */ = {isa = PBXFileReference; lastKnownFileType = text.plist.strings; name = en; path = en.lproj/InfoPlist.strings; sourceTree = "<group>"; };
		61A8318C19835484008B0857 /* main.m */ = {isa = PBXFileReference; lastKnownFileType = sourcecode.c.objc; path = main.m; sourceTree = "<group>"; };
		61A8318E19835484008B0857 /* battlehack1-Prefix.pch */ = {isa = PBXFileReference; lastKnownFileType = sourcecode.c.h; path = "battlehack1-Prefix.pch"; sourceTree = "<group>"; };
		61A8318F19835484008B0857 /* BHAppDelegate.h */ = {isa = PBXFileReference; lastKnownFileType = sourcecode.c.h; path = BHAppDelegate.h; sourceTree = "<group>"; };
		61A8319019835484008B0857 /* BHAppDelegate.m */ = {isa = PBXFileReference; lastKnownFileType = sourcecode.c.objc; path = BHAppDelegate.m; sourceTree = "<group>"; };
		61A8319319835484008B0857 /* Base */ = {isa = PBXFileReference; lastKnownFileType = file.storyboard; name = Base; path = Base.lproj/Main.storyboard; sourceTree = "<group>"; };
		61A8319519835484008B0857 /* BHFirstViewController.h */ = {isa = PBXFileReference; lastKnownFileType = sourcecode.c.h; path = BHFirstViewController.h; sourceTree = "<group>"; };
		61A8319619835484008B0857 /* BHFirstViewController.m */ = {isa = PBXFileReference; lastKnownFileType = sourcecode.c.objc; path = BHFirstViewController.m; sourceTree = "<group>"; };
		61A8319819835484008B0857 /* BHSecondViewController.h */ = {isa = PBXFileReference; lastKnownFileType = sourcecode.c.h; path = BHSecondViewController.h; sourceTree = "<group>"; };
		61A8319919835484008B0857 /* BHSecondViewController.m */ = {isa = PBXFileReference; lastKnownFileType = sourcecode.c.objc; path = BHSecondViewController.m; sourceTree = "<group>"; };
		61A8319B19835484008B0857 /* Images.xcassets */ = {isa = PBXFileReference; lastKnownFileType = folder.assetcatalog; path = Images.xcassets; sourceTree = "<group>"; };
		61A831A119835484008B0857 /* battlehack1Tests.xctest */ = {isa = PBXFileReference; explicitFileType = wrapper.cfbundle; includeInIndex = 0; path = battlehack1Tests.xctest; sourceTree = BUILT_PRODUCTS_DIR; };
		61A831A219835484008B0857 /* XCTest.framework */ = {isa = PBXFileReference; lastKnownFileType = wrapper.framework; name = XCTest.framework; path = Library/Frameworks/XCTest.framework; sourceTree = DEVELOPER_DIR; };
		61A831AA19835484008B0857 /* battlehack1Tests-Info.plist */ = {isa = PBXFileReference; lastKnownFileType = text.plist.xml; path = "battlehack1Tests-Info.plist"; sourceTree = "<group>"; };
		61A831AC19835484008B0857 /* en */ = {isa = PBXFileReference; lastKnownFileType = text.plist.strings; name = en; path = en.lproj/InfoPlist.strings; sourceTree = "<group>"; };
		61A831AE19835484008B0857 /* battlehack1Tests.m */ = {isa = PBXFileReference; lastKnownFileType = sourcecode.c.objc; path = battlehack1Tests.m; sourceTree = "<group>"; };
		61A831B819835A12008B0857 /* BHPostFormViewController.h */ = {isa = PBXFileReference; fileEncoding = 4; lastKnownFileType = sourcecode.c.h; path = BHPostFormViewController.h; sourceTree = "<group>"; };
		61A831B919835A12008B0857 /* BHPostFormViewController.m */ = {isa = PBXFileReference; fileEncoding = 4; lastKnownFileType = sourcecode.c.objc; path = BHPostFormViewController.m; sourceTree = "<group>"; };
/* End PBXFileReference section */

/* Begin PBXFrameworksBuildPhase section */
		61A8317A19835484008B0857 /* Frameworks */ = {
			isa = PBXFrameworksBuildPhase;
			buildActionMask = 2147483647;
			files = (
				3A8BAAD619835A7400D5A6C3 /* CoreLocation.framework in Frameworks */,
				3A8BAAD419835A6B00D5A6C3 /* MapKit.framework in Frameworks */,
				61A8318319835484008B0857 /* CoreGraphics.framework in Frameworks */,
				61A8318519835484008B0857 /* UIKit.framework in Frameworks */,
				61A8318119835484008B0857 /* Foundation.framework in Frameworks */,
			);
			runOnlyForDeploymentPostprocessing = 0;
		};
		61A8319E19835484008B0857 /* Frameworks */ = {
			isa = PBXFrameworksBuildPhase;
			buildActionMask = 2147483647;
			files = (
				61A831A319835484008B0857 /* XCTest.framework in Frameworks */,
				61A831A519835484008B0857 /* UIKit.framework in Frameworks */,
				61A831A419835484008B0857 /* Foundation.framework in Frameworks */,
			);
			runOnlyForDeploymentPostprocessing = 0;
		};
/* End PBXFrameworksBuildPhase section */

/* Begin PBXGroup section */
		3A8BAAD719835C5600D5A6C3 /* AFNetworking */ = {
			isa = PBXGroup;
			children = (
				3A8BAAD819835C5600D5A6C3 /* AFHTTPRequestOperation.h */,
				3A8BAAD919835C5600D5A6C3 /* AFHTTPRequestOperation.m */,
				3A8BAADA19835C5600D5A6C3 /* AFHTTPRequestOperationManager.h */,
				3A8BAADB19835C5600D5A6C3 /* AFHTTPRequestOperationManager.m */,
				3A8BAADC19835C5600D5A6C3 /* AFHTTPSessionManager.h */,
				3A8BAADD19835C5600D5A6C3 /* AFHTTPSessionManager.m */,
				3A8BAADE19835C5600D5A6C3 /* AFNetworking.h */,
				3A8BAADF19835C5600D5A6C3 /* AFNetworkReachabilityManager.h */,
				3A8BAAE019835C5600D5A6C3 /* AFNetworkReachabilityManager.m */,
				3A8BAAE119835C5600D5A6C3 /* AFSecurityPolicy.h */,
				3A8BAAE219835C5600D5A6C3 /* AFSecurityPolicy.m */,
				3A8BAAE319835C5600D5A6C3 /* AFURLConnectionOperation.h */,
				3A8BAAE419835C5600D5A6C3 /* AFURLConnectionOperation.m */,
				3A8BAAE519835C5600D5A6C3 /* AFURLRequestSerialization.h */,
				3A8BAAE619835C5600D5A6C3 /* AFURLRequestSerialization.m */,
				3A8BAAE719835C5600D5A6C3 /* AFURLResponseSerialization.h */,
				3A8BAAE819835C5600D5A6C3 /* AFURLResponseSerialization.m */,
				3A8BAAE919835C5600D5A6C3 /* AFURLSessionManager.h */,
				3A8BAAEA19835C5600D5A6C3 /* AFURLSessionManager.m */,
			);
			path = AFNetworking;
			sourceTree = "<group>";
		};
		3A8BAAEB19835C5600D5A6C3 /* UIKit+AFNetworking */ = {
			isa = PBXGroup;
			children = (
				3A8BAAEC19835C5600D5A6C3 /* AFNetworkActivityIndicatorManager.h */,
				3A8BAAED19835C5600D5A6C3 /* AFNetworkActivityIndicatorManager.m */,
				3A8BAAEE19835C5600D5A6C3 /* UIActivityIndicatorView+AFNetworking.h */,
				3A8BAAEF19835C5600D5A6C3 /* UIActivityIndicatorView+AFNetworking.m */,
				3A8BAAF019835C5600D5A6C3 /* UIAlertView+AFNetworking.h */,
				3A8BAAF119835C5600D5A6C3 /* UIAlertView+AFNetworking.m */,
				3A8BAAF219835C5600D5A6C3 /* UIButton+AFNetworking.h */,
				3A8BAAF319835C5600D5A6C3 /* UIButton+AFNetworking.m */,
				3A8BAAF419835C5600D5A6C3 /* UIImageView+AFNetworking.h */,
				3A8BAAF519835C5600D5A6C3 /* UIImageView+AFNetworking.m */,
				3A8BAAF619835C5600D5A6C3 /* UIKit+AFNetworking.h */,
				3A8BAAF719835C5600D5A6C3 /* UIProgressView+AFNetworking.h */,
				3A8BAAF819835C5600D5A6C3 /* UIProgressView+AFNetworking.m */,
				3A8BAAF919835C5600D5A6C3 /* UIRefreshControl+AFNetworking.h */,
				3A8BAAFA19835C5600D5A6C3 /* UIRefreshControl+AFNetworking.m */,
				3A8BAAFB19835C5600D5A6C3 /* UIWebView+AFNetworking.h */,
				3A8BAAFC19835C5600D5A6C3 /* UIWebView+AFNetworking.m */,
			);
			path = "UIKit+AFNetworking";
			sourceTree = "<group>";
		};
		3A8BAB0E19835DBC00D5A6C3 /* Helper */ = {
			isa = PBXGroup;
			children = (
				3A8BAB1119835E7200D5A6C3 /* NetworkManager.h */,
				3A8BAB1219835E7200D5A6C3 /* NetworkManager.m */,
				61A8318F19835484008B0857 /* BHAppDelegate.h */,
				61A8319019835484008B0857 /* BHAppDelegate.m */,
			);
			name = Helper;
			sourceTree = "<group>";
		};
		3A8BAB0F19835DD500D5A6C3 /* StoryBoard */ = {
			isa = PBXGroup;
			children = (
				61A8319219835484008B0857 /* Main.storyboard */,
			);
			name = StoryBoard;
			sourceTree = "<group>";
		};
		3A8BAB1019835DFC00D5A6C3 /* ViewControllers */ = {
			isa = PBXGroup;
			children = (
				61A831B819835A12008B0857 /* BHPostFormViewController.h */,
				61A831B919835A12008B0857 /* BHPostFormViewController.m */,
				61A8319519835484008B0857 /* BHFirstViewController.h */,
				61A8319619835484008B0857 /* BHFirstViewController.m */,
				61A8319819835484008B0857 /* BHSecondViewController.h */,
				61A8319919835484008B0857 /* BHSecondViewController.m */,
			);
			name = ViewControllers;
			sourceTree = "<group>";
		};
		61A8317419835484008B0857 = {
			isa = PBXGroup;
			children = (
				3A8BAAD719835C5600D5A6C3 /* AFNetworking */,
				3A8BAAEB19835C5600D5A6C3 /* UIKit+AFNetworking */,
				61A8318619835484008B0857 /* battlehack1 */,
				61A831A819835484008B0857 /* battlehack1Tests */,
				61A8317F19835484008B0857 /* Frameworks */,
				61A8317E19835484008B0857 /* Products */,
			);
			sourceTree = "<group>";
		};
		61A8317E19835484008B0857 /* Products */ = {
			isa = PBXGroup;
			children = (
				61A8317D19835484008B0857 /* battlehack1.app */,
				61A831A119835484008B0857 /* battlehack1Tests.xctest */,
			);
			name = Products;
			sourceTree = "<group>";
		};
		61A8317F19835484008B0857 /* Frameworks */ = {
			isa = PBXGroup;
			children = (
				3A8BAAD519835A7400D5A6C3 /* CoreLocation.framework */,
				3A8BAAD319835A6B00D5A6C3 /* MapKit.framework */,
				61A8318019835484008B0857 /* Foundation.framework */,
				61A8318219835484008B0857 /* CoreGraphics.framework */,
				61A8318419835484008B0857 /* UIKit.framework */,
				61A831A219835484008B0857 /* XCTest.framework */,
			);
			name = Frameworks;
			sourceTree = "<group>";
		};
		61A8318619835484008B0857 /* battlehack1 */ = {
			isa = PBXGroup;
			children = (
				3A8BAB1019835DFC00D5A6C3 /* ViewControllers */,
				3A8BAB0F19835DD500D5A6C3 /* StoryBoard */,
				3A8BAB0E19835DBC00D5A6C3 /* Helper */,
				61A8319B19835484008B0857 /* Images.xcassets */,
				61A8318719835484008B0857 /* Supporting Files */,
			);
			path = battlehack1;
			sourceTree = "<group>";
		};
		61A8318719835484008B0857 /* Supporting Files */ = {
			isa = PBXGroup;
			children = (
				61A8318819835484008B0857 /* battlehack1-Info.plist */,
				61A8318919835484008B0857 /* InfoPlist.strings */,
				61A8318C19835484008B0857 /* main.m */,
				61A8318E19835484008B0857 /* battlehack1-Prefix.pch */,
			);
			name = "Supporting Files";
			sourceTree = "<group>";
		};
		61A831A819835484008B0857 /* battlehack1Tests */ = {
			isa = PBXGroup;
			children = (
				61A831AE19835484008B0857 /* battlehack1Tests.m */,
				61A831A919835484008B0857 /* Supporting Files */,
			);
			path = battlehack1Tests;
			sourceTree = "<group>";
		};
		61A831A919835484008B0857 /* Supporting Files */ = {
			isa = PBXGroup;
			children = (
				61A831AA19835484008B0857 /* battlehack1Tests-Info.plist */,
				61A831AB19835484008B0857 /* InfoPlist.strings */,
			);
			name = "Supporting Files";
			sourceTree = "<group>";
		};
/* End PBXGroup section */

/* Begin PBXNativeTarget section */
		61A8317C19835484008B0857 /* battlehack1 */ = {
			isa = PBXNativeTarget;
			buildConfigurationList = 61A831B219835484008B0857 /* Build configuration list for PBXNativeTarget "battlehack1" */;
			buildPhases = (
				61A8317919835484008B0857 /* Sources */,
				61A8317A19835484008B0857 /* Frameworks */,
				61A8317B19835484008B0857 /* Resources */,
			);
			buildRules = (
			);
			dependencies = (
			);
			name = battlehack1;
			productName = battlehack1;
			productReference = 61A8317D19835484008B0857 /* battlehack1.app */;
			productType = "com.apple.product-type.application";
		};
		61A831A019835484008B0857 /* battlehack1Tests */ = {
			isa = PBXNativeTarget;
			buildConfigurationList = 61A831B519835484008B0857 /* Build configuration list for PBXNativeTarget "battlehack1Tests" */;
			buildPhases = (
				61A8319D19835484008B0857 /* Sources */,
				61A8319E19835484008B0857 /* Frameworks */,
				61A8319F19835484008B0857 /* Resources */,
			);
			buildRules = (
			);
			dependencies = (
				61A831A719835484008B0857 /* PBXTargetDependency */,
			);
			name = battlehack1Tests;
			productName = battlehack1Tests;
			productReference = 61A831A119835484008B0857 /* battlehack1Tests.xctest */;
			productType = "com.apple.product-type.bundle.unit-test";
		};
/* End PBXNativeTarget section */

/* Begin PBXProject section */
		61A8317519835484008B0857 /* Project object */ = {
			isa = PBXProject;
			attributes = {
				CLASSPREFIX = BH;
				LastUpgradeCheck = 0510;
				ORGANIZATIONNAME = Battlehack;
				TargetAttributes = {
					61A831A019835484008B0857 = {
						TestTargetID = 61A8317C19835484008B0857;
					};
				};
			};
			buildConfigurationList = 61A8317819835484008B0857 /* Build configuration list for PBXProject "battlehack1" */;
			compatibilityVersion = "Xcode 3.2";
			developmentRegion = English;
			hasScannedForEncodings = 0;
			knownRegions = (
				en,
				Base,
			);
			mainGroup = 61A8317419835484008B0857;
			productRefGroup = 61A8317E19835484008B0857 /* Products */;
			projectDirPath = "";
			projectRoot = "";
			targets = (
				61A8317C19835484008B0857 /* battlehack1 */,
				61A831A019835484008B0857 /* battlehack1Tests */,
			);
		};
/* End PBXProject section */

/* Begin PBXResourcesBuildPhase section */
		61A8317B19835484008B0857 /* Resources */ = {
			isa = PBXResourcesBuildPhase;
			buildActionMask = 2147483647;
			files = (
				61A8319C19835484008B0857 /* Images.xcassets in Resources */,
				61A8318B19835484008B0857 /* InfoPlist.strings in Resources */,
				61A8319419835484008B0857 /* Main.storyboard in Resources */,
			);
			runOnlyForDeploymentPostprocessing = 0;
		};
		61A8319F19835484008B0857 /* Resources */ = {
			isa = PBXResourcesBuildPhase;
			buildActionMask = 2147483647;
			files = (
				61A831AD19835484008B0857 /* InfoPlist.strings in Resources */,
			);
			runOnlyForDeploymentPostprocessing = 0;
		};
/* End PBXResourcesBuildPhase section */

/* Begin PBXSourcesBuildPhase section */
		61A8317919835484008B0857 /* Sources */ = {
			isa = PBXSourcesBuildPhase;
			buildActionMask = 2147483647;
			files = (
				611765F11983652B00966423 /* BHPostFormViewController.h in Sources */,
				611765F21983652C00966423 /* BHPostFormViewController.m in Sources */,
				3A8BAB0B19835C5600D5A6C3 /* UIProgressView+AFNetworking.m in Sources */,
				3A8BAB0919835C5600D5A6C3 /* UIButton+AFNetworking.m in Sources */,
				3A8BAB0C19835C5600D5A6C3 /* UIRefreshControl+AFNetworking.m in Sources */,
				3A8BAB0819835C5600D5A6C3 /* UIAlertView+AFNetworking.m in Sources */,
				61A8319A19835484008B0857 /* BHSecondViewController.m in Sources */,
				3A8BAB0119835C5600D5A6C3 /* AFSecurityPolicy.m in Sources */,
				61A8319719835484008B0857 /* BHFirstViewController.m in Sources */,
				3A8BAAFE19835C5600D5A6C3 /* AFHTTPRequestOperationManager.m in Sources */,
				3A8BAB0219835C5600D5A6C3 /* AFURLConnectionOperation.m in Sources */,
				3A8BAB0A19835C5600D5A6C3 /* UIImageView+AFNetworking.m in Sources */,
				3A8BAAFD19835C5600D5A6C3 /* AFHTTPRequestOperation.m in Sources */,
				3A8BAB0719835C5600D5A6C3 /* UIActivityIndicatorView+AFNetworking.m in Sources */,
				61A8319119835484008B0857 /* BHAppDelegate.m in Sources */,
				3A8BAB0319835C5600D5A6C3 /* AFURLRequestSerialization.m in Sources */,
				3A8BAB1319835E7200D5A6C3 /* NetworkManager.m in Sources */,
				3A8BAAFF19835C5600D5A6C3 /* AFHTTPSessionManager.m in Sources */,
				3A8BAB0019835C5600D5A6C3 /* AFNetworkReachabilityManager.m in Sources */,
				3A8BAB0419835C5600D5A6C3 /* AFURLResponseSerialization.m in Sources */,
				3A8BAB0D19835C5600D5A6C3 /* UIWebView+AFNetworking.m in Sources */,
				3A8BAB0519835C5600D5A6C3 /* AFURLSessionManager.m in Sources */,
				3A8BAB0619835C5600D5A6C3 /* AFNetworkActivityIndicatorManager.m in Sources */,
				61A8318D19835484008B0857 /* main.m in Sources */,
			);
			runOnlyForDeploymentPostprocessing = 0;
		};
		61A8319D19835484008B0857 /* Sources */ = {
			isa = PBXSourcesBuildPhase;
			buildActionMask = 2147483647;
			files = (
				61A831AF19835484008B0857 /* battlehack1Tests.m in Sources */,
			);
			runOnlyForDeploymentPostprocessing = 0;
		};
/* End PBXSourcesBuildPhase section */

/* Begin PBXTargetDependency section */
		61A831A719835484008B0857 /* PBXTargetDependency */ = {
			isa = PBXTargetDependency;
			target = 61A8317C19835484008B0857 /* battlehack1 */;
			targetProxy = 61A831A619835484008B0857 /* PBXContainerItemProxy */;
		};
/* End PBXTargetDependency section */

/* Begin PBXVariantGroup section */
		61A8318919835484008B0857 /* InfoPlist.strings */ = {
			isa = PBXVariantGroup;
			children = (
				61A8318A19835484008B0857 /* en */,
			);
			name = InfoPlist.strings;
			sourceTree = "<group>";
		};
		61A8319219835484008B0857 /* Main.storyboard */ = {
			isa = PBXVariantGroup;
			children = (
				61A8319319835484008B0857 /* Base */,
			);
			name = Main.storyboard;
			sourceTree = "<group>";
		};
		61A831AB19835484008B0857 /* InfoPlist.strings */ = {
			isa = PBXVariantGroup;
			children = (
				61A831AC19835484008B0857 /* en */,
			);
			name = InfoPlist.strings;
			sourceTree = "<group>";
		};
/* End PBXVariantGroup section */

/* Begin XCBuildConfiguration section */
		61A831B019835484008B0857 /* Debug */ = {
			isa = XCBuildConfiguration;
			buildSettings = {
				ALWAYS_SEARCH_USER_PATHS = NO;
				CLANG_CXX_LANGUAGE_STANDARD = "gnu++0x";
				CLANG_CXX_LIBRARY = "libc++";
				CLANG_ENABLE_MODULES = YES;
				CLANG_ENABLE_OBJC_ARC = YES;
				CLANG_WARN_BOOL_CONVERSION = YES;
				CLANG_WARN_CONSTANT_CONVERSION = YES;
				CLANG_WARN_DIRECT_OBJC_ISA_USAGE = YES_ERROR;
				CLANG_WARN_EMPTY_BODY = YES;
				CLANG_WARN_ENUM_CONVERSION = YES;
				CLANG_WARN_INT_CONVERSION = YES;
				CLANG_WARN_OBJC_ROOT_CLASS = YES_ERROR;
				CLANG_WARN__DUPLICATE_METHOD_MATCH = YES;
				"CODE_SIGN_IDENTITY[sdk=iphoneos*]" = "iPhone Developer";
				COPY_PHASE_STRIP = NO;
				GCC_C_LANGUAGE_STANDARD = gnu99;
				GCC_DYNAMIC_NO_PIC = NO;
				GCC_OPTIMIZATION_LEVEL = 0;
				GCC_PREPROCESSOR_DEFINITIONS = (
					"DEBUG=1",
					"$(inherited)",
				);
				GCC_SYMBOLS_PRIVATE_EXTERN = NO;
				GCC_WARN_64_TO_32_BIT_CONVERSION = YES;
				GCC_WARN_ABOUT_RETURN_TYPE = YES_ERROR;
				GCC_WARN_UNDECLARED_SELECTOR = YES;
				GCC_WARN_UNINITIALIZED_AUTOS = YES_AGGRESSIVE;
				GCC_WARN_UNUSED_FUNCTION = YES;
				GCC_WARN_UNUSED_VARIABLE = YES;
				IPHONEOS_DEPLOYMENT_TARGET = 7.1;
				ONLY_ACTIVE_ARCH = YES;
				SDKROOT = iphoneos;
			};
			name = Debug;
		};
		61A831B119835484008B0857 /* Release */ = {
			isa = XCBuildConfiguration;
			buildSettings = {
				ALWAYS_SEARCH_USER_PATHS = NO;
				CLANG_CXX_LANGUAGE_STANDARD = "gnu++0x";
				CLANG_CXX_LIBRARY = "libc++";
				CLANG_ENABLE_MODULES = YES;
				CLANG_ENABLE_OBJC_ARC = YES;
				CLANG_WARN_BOOL_CONVERSION = YES;
				CLANG_WARN_CONSTANT_CONVERSION = YES;
				CLANG_WARN_DIRECT_OBJC_ISA_USAGE = YES_ERROR;
				CLANG_WARN_EMPTY_BODY = YES;
				CLANG_WARN_ENUM_CONVERSION = YES;
				CLANG_WARN_INT_CONVERSION = YES;
				CLANG_WARN_OBJC_ROOT_CLASS = YES_ERROR;
				CLANG_WARN__DUPLICATE_METHOD_MATCH = YES;
				"CODE_SIGN_IDENTITY[sdk=iphoneos*]" = "iPhone Developer";
				COPY_PHASE_STRIP = YES;
				ENABLE_NS_ASSERTIONS = NO;
				GCC_C_LANGUAGE_STANDARD = gnu99;
				GCC_WARN_64_TO_32_BIT_CONVERSION = YES;
				GCC_WARN_ABOUT_RETURN_TYPE = YES_ERROR;
				GCC_WARN_UNDECLARED_SELECTOR = YES;
				GCC_WARN_UNINITIALIZED_AUTOS = YES_AGGRESSIVE;
				GCC_WARN_UNUSED_FUNCTION = YES;
				GCC_WARN_UNUSED_VARIABLE = YES;
				IPHONEOS_DEPLOYMENT_TARGET = 7.1;
				SDKROOT = iphoneos;
				VALIDATE_PRODUCT = YES;
			};
			name = Release;
		};
		61A831B319835484008B0857 /* Debug */ = {
			isa = XCBuildConfiguration;
			buildSettings = {
				ASSETCATALOG_COMPILER_APPICON_NAME = AppIcon;
				ASSETCATALOG_COMPILER_LAUNCHIMAGE_NAME = LaunchImage;
				GCC_PRECOMPILE_PREFIX_HEADER = YES;
				GCC_PREFIX_HEADER = "battlehack1/battlehack1-Prefix.pch";
				INFOPLIST_FILE = "battlehack1/battlehack1-Info.plist";
				PRODUCT_NAME = "$(TARGET_NAME)";
				WRAPPER_EXTENSION = app;
			};
			name = Debug;
		};
		61A831B419835484008B0857 /* Release */ = {
			isa = XCBuildConfiguration;
			buildSettings = {
				ASSETCATALOG_COMPILER_APPICON_NAME = AppIcon;
				ASSETCATALOG_COMPILER_LAUNCHIMAGE_NAME = LaunchImage;
				GCC_PRECOMPILE_PREFIX_HEADER = YES;
				GCC_PREFIX_HEADER = "battlehack1/battlehack1-Prefix.pch";
				INFOPLIST_FILE = "battlehack1/battlehack1-Info.plist";
				PRODUCT_NAME = "$(TARGET_NAME)";
				WRAPPER_EXTENSION = app;
			};
			name = Release;
		};
		61A831B619835484008B0857 /* Debug */ = {
			isa = XCBuildConfiguration;
			buildSettings = {
				BUNDLE_LOADER = "$(BUILT_PRODUCTS_DIR)/battlehack1.app/battlehack1";
				FRAMEWORK_SEARCH_PATHS = (
					"$(SDKROOT)/Developer/Library/Frameworks",
					"$(inherited)",
					"$(DEVELOPER_FRAMEWORKS_DIR)",
				);
				GCC_PRECOMPILE_PREFIX_HEADER = YES;
				GCC_PREFIX_HEADER = "battlehack1/battlehack1-Prefix.pch";
				GCC_PREPROCESSOR_DEFINITIONS = (
					"DEBUG=1",
					"$(inherited)",
				);
				INFOPLIST_FILE = "battlehack1Tests/battlehack1Tests-Info.plist";
				PRODUCT_NAME = "$(TARGET_NAME)";
				TEST_HOST = "$(BUNDLE_LOADER)";
				WRAPPER_EXTENSION = xctest;
			};
			name = Debug;
		};
		61A831B719835484008B0857 /* Release */ = {
			isa = XCBuildConfiguration;
			buildSettings = {
				BUNDLE_LOADER = "$(BUILT_PRODUCTS_DIR)/battlehack1.app/battlehack1";
				FRAMEWORK_SEARCH_PATHS = (
					"$(SDKROOT)/Developer/Library/Frameworks",
					"$(inherited)",
					"$(DEVELOPER_FRAMEWORKS_DIR)",
				);
				GCC_PRECOMPILE_PREFIX_HEADER = YES;
				GCC_PREFIX_HEADER = "battlehack1/battlehack1-Prefix.pch";
				INFOPLIST_FILE = "battlehack1Tests/battlehack1Tests-Info.plist";
				PRODUCT_NAME = "$(TARGET_NAME)";
				TEST_HOST = "$(BUNDLE_LOADER)";
				WRAPPER_EXTENSION = xctest;
			};
			name = Release;
		};
/* End XCBuildConfiguration section */

/* Begin XCConfigurationList section */
		61A8317819835484008B0857 /* Build configuration list for PBXProject "battlehack1" */ = {
			isa = XCConfigurationList;
			buildConfigurations = (
				61A831B019835484008B0857 /* Debug */,
				61A831B119835484008B0857 /* Release */,
			);
			defaultConfigurationIsVisible = 0;
			defaultConfigurationName = Release;
		};
		61A831B219835484008B0857 /* Build configuration list for PBXNativeTarget "battlehack1" */ = {
			isa = XCConfigurationList;
			buildConfigurations = (
				61A831B319835484008B0857 /* Debug */,
				61A831B419835484008B0857 /* Release */,
			);
			defaultConfigurationIsVisible = 0;
			defaultConfigurationName = Release;
		};
		61A831B519835484008B0857 /* Build configuration list for PBXNativeTarget "battlehack1Tests" */ = {
			isa = XCConfigurationList;
			buildConfigurations = (
				61A831B619835484008B0857 /* Debug */,
				61A831B719835484008B0857 /* Release */,
			);
			defaultConfigurationIsVisible = 0;
			defaultConfigurationName = Release;
		};
/* End XCConfigurationList section */
	};
	rootObject = 61A8317519835484008B0857 /* Project object */;
}
